
Microsoft Visual Studio Solution File, Format Version 12.00
# Visual Studio 15
VisualStudioVersion = 15.0.28307.329
MinimumVisualStudioVersion = 10.0.40219.1
Project("{8BC9CEB8-8B4A-11D0-8D11-00A0C91BC942}") = "res_custom", "res_custom\res_custom.vcxproj", "{A596C565-750A-46EB-8031-C131E1B396A6}"
EndProject
Global
	GlobalSection(SolutionConfigurationPlatforms) = preSolution
		Debug|x64 = Debug|x64
		Debug|x86 = Debug|x86
		Release|x64 = Release|x64
		Release|x86 = Release|x86
	EndGlobalSection
	GlobalSection(ProjectConfigurationPlatforms) = postSolution
		{A596C565-750A-46EB-8031-C131E1B396A6}.Debug|x64.ActiveCfg = Debug|x64
		{A596C565-750A-46EB-8031-C131E1B396A6}.Debug|x64.Build.0 = Debug|x64
		{A596C565-750A-46EB-8031-C131E1B396A6}.Debug|x86.ActiveCfg = Debug|Win32
		{A596C565-750A-46EB-8031-C131E1B396A6}.Debug|x86.Build.0 = Debug|Win32
		{A596C565-750A-46EB-8031-C131E1B396A6}.Release|x64.ActiveCfg = Release|x64
		{A596C565-750A-46EB-8031-C131E1B396A6}.Release|x64.Build.0 = Release|x64
		{A596C565-750A-46EB-8031-C131E1B396A6}.Release|x86.ActiveCfg = Release|Win32
		{A596C565-750A-46EB-8031-C131E1B396A6}.Release|x86.Build.0 = Release|Win32
	EndGlobalSection
	GlobalSection(SolutionProperties) = preSolution
		HideSolutionNode = FALSE
	EndGlobalSection
	GlobalSection(ExtensibilityGlobals) = postSolution
		SolutionGuid = {B7F95E0E-BFE5-4CB8-835A-F788A62EF45E}
	EndGlobalSection
EndGlobal
